
Microsoft Visual Studio Solution File, Format Version 12.00
# Visual Studio Version 17
VisualStudioVersion = 17.8.34511.84
MinimumVisualStudioVersion = 10.0.40219.1
Project("{FAE04EC0-301F-11D3-BF4B-00C04F79EFBC}") = "FSB", "FSB.csproj", "{68C5DBDB-FEF7-4402-8474-4E2BD024580E}"
EndProject
Global
	GlobalSection(SolutionConfigurationPlatforms) = preSolution
		Debug|Any CPU = Debug|Any CPU
		Release|Any CPU = Release|Any CPU
	EndGlobalSection
	GlobalSection(ProjectConfigurationPlatforms) = postSolution
		{68C5DBDB-FEF7-4402-8474-4E2BD024580E}.Debug|Any CPU.ActiveCfg = Debug|Any CPU
		{68C5DBDB-FEF7-4402-8474-4E2BD024580E}.Debug|Any CPU.Build.0 = Debug|Any CPU
		{68C5DBDB-FEF7-4402-8474-4E2BD024580E}.Release|Any CPU.ActiveCfg = Release|Any CPU
		{68C5DBDB-FEF7-4402-8474-4E2BD024580E}.Release|Any CPU.Build.0 = Release|Any CPU
	EndGlobalSection
	GlobalSection(SolutionProperties) = preSolution
		HideSolutionNode = FALSE
	EndGlobalSection
	GlobalSection(ExtensibilityGlobals) = postSolution
		SolutionGuid = {721F7E22-0EF8-4F7C-8898-21250ACA8BE1}
	EndGlobalSection
EndGlobal
